// !$*UTF8*$!
{
	archiveVersion = 1;
	classes = {
	};
	objectVersion = 55;
	objects = {

/* Begin PBXBuildFile section */
		1C46F82B27B6AA66002FD1D8 /* AppDelegate.swift in Sources */ = {isa = PBXBuildFile; fileRef = 1C46F82A27B6AA66002FD1D8 /* AppDelegate.swift */; };
		1C46F82D27B6AA66002FD1D8 /* SceneDelegate.swift in Sources */ = {isa = PBXBuildFile; fileRef = 1C46F82C27B6AA66002FD1D8 /* SceneDelegate.swift */; };
		1C46F82F27B6AA66002FD1D8 /* LogInViewController.swift in Sources */ = {isa = PBXBuildFile; fileRef = 1C46F82E27B6AA66002FD1D8 /* LogInViewController.swift */; };
		1C46F83227B6AA66002FD1D8 /* Main.storyboard in Resources */ = {isa = PBXBuildFile; fileRef = 1C46F83027B6AA66002FD1D8 /* Main.storyboard */; };
		1C46F83427B6AA68002FD1D8 /* Assets.xcassets in Resources */ = {isa = PBXBuildFile; fileRef = 1C46F83327B6AA68002FD1D8 /* Assets.xcassets */; };
		1C46F83727B6AA68002FD1D8 /* LaunchScreen.storyboard in Resources */ = {isa = PBXBuildFile; fileRef = 1C46F83527B6AA68002FD1D8 /* LaunchScreen.storyboard */; };
		1C46F83F27B6B185002FD1D8 /* SignInViewController.swift in Sources */ = {isa = PBXBuildFile; fileRef = 1C46F83E27B6B185002FD1D8 /* SignInViewController.swift */; };
		1C46F84127B6B9F7002FD1D8 /* GoogleService-Info.plist in Resources */ = {isa = PBXBuildFile; fileRef = 1C46F84027B6B9F7002FD1D8 /* GoogleService-Info.plist */; };
		1C46F84427B6BB4F002FD1D8 /* FirebaseAnalytics in Frameworks */ = {isa = PBXBuildFile; productRef = 1C46F84327B6BB4F002FD1D8 /* FirebaseAnalytics */; };
		1C46F84627B6BB4F002FD1D8 /* FirebaseAnalyticsSwift-Beta in Frameworks */ = {isa = PBXBuildFile; productRef = 1C46F84527B6BB4F002FD1D8 /* FirebaseAnalyticsSwift-Beta */; };
		1C46F84827B6BB4F002FD1D8 /* FirebaseAnalyticsWithoutAdIdSupport in Frameworks */ = {isa = PBXBuildFile; productRef = 1C46F84727B6BB4F002FD1D8 /* FirebaseAnalyticsWithoutAdIdSupport */; };
		1C46F84A27B6BB4F002FD1D8 /* FirebaseAppCheck in Frameworks */ = {isa = PBXBuildFile; productRef = 1C46F84927B6BB4F002FD1D8 /* FirebaseAppCheck */; };
		1C46F84C27B6BB4F002FD1D8 /* FirebaseAppDistribution-Beta in Frameworks */ = {isa = PBXBuildFile; productRef = 1C46F84B27B6BB4F002FD1D8 /* FirebaseAppDistribution-Beta */; };
		1C46F84E27B6BB4F002FD1D8 /* FirebaseAuth in Frameworks */ = {isa = PBXBuildFile; productRef = 1C46F84D27B6BB4F002FD1D8 /* FirebaseAuth */; };
		1C46F85027B6BB4F002FD1D8 /* FirebaseAuthCombine-Community in Frameworks */ = {isa = PBXBuildFile; productRef = 1C46F84F27B6BB4F002FD1D8 /* FirebaseAuthCombine-Community */; };
		1C46F85227B6BB4F002FD1D8 /* FirebaseCrashlytics in Frameworks */ = {isa = PBXBuildFile; productRef = 1C46F85127B6BB4F002FD1D8 /* FirebaseCrashlytics */; };
		1C46F85427B6BB4F002FD1D8 /* FirebaseDatabase in Frameworks */ = {isa = PBXBuildFile; productRef = 1C46F85327B6BB4F002FD1D8 /* FirebaseDatabase */; };
		1C46F85627B6BB4F002FD1D8 /* FirebaseDatabaseSwift-Beta in Frameworks */ = {isa = PBXBuildFile; productRef = 1C46F85527B6BB4F002FD1D8 /* FirebaseDatabaseSwift-Beta */; };
		1C46F85827B6BB4F002FD1D8 /* FirebaseDynamicLinks in Frameworks */ = {isa = PBXBuildFile; productRef = 1C46F85727B6BB4F002FD1D8 /* FirebaseDynamicLinks */; };
		1C46F85A27B6BB4F002FD1D8 /* FirebaseFirestore in Frameworks */ = {isa = PBXBuildFile; productRef = 1C46F85927B6BB4F002FD1D8 /* FirebaseFirestore */; };
		1C46F85C27B6BB4F002FD1D8 /* FirebaseFirestoreCombine-Community in Frameworks */ = {isa = PBXBuildFile; productRef = 1C46F85B27B6BB4F002FD1D8 /* FirebaseFirestoreCombine-Community */; };
		1C46F85E27B6BB4F002FD1D8 /* FirebaseFirestoreSwift-Beta in Frameworks */ = {isa = PBXBuildFile; productRef = 1C46F85D27B6BB4F002FD1D8 /* FirebaseFirestoreSwift-Beta */; };
		1C46F86027B6BB4F002FD1D8 /* FirebaseFunctions in Frameworks */ = {isa = PBXBuildFile; productRef = 1C46F85F27B6BB4F002FD1D8 /* FirebaseFunctions */; };
		1C46F86227B6BB4F002FD1D8 /* FirebaseFunctionsCombine-Community in Frameworks */ = {isa = PBXBuildFile; productRef = 1C46F86127B6BB4F002FD1D8 /* FirebaseFunctionsCombine-Community */; };
		1C46F86427B6BB4F002FD1D8 /* FirebaseFunctionsSwift-Beta in Frameworks */ = {isa = PBXBuildFile; productRef = 1C46F86327B6BB4F002FD1D8 /* FirebaseFunctionsSwift-Beta */; };
		1C46F86627B6BB4F002FD1D8 /* FirebaseInAppMessaging-Beta in Frameworks */ = {isa = PBXBuildFile; productRef = 1C46F86527B6BB4F002FD1D8 /* FirebaseInAppMessaging-Beta */; };
		1C46F86827B6BB4F002FD1D8 /* FirebaseInAppMessagingSwift-Beta in Frameworks */ = {isa = PBXBuildFile; productRef = 1C46F86727B6BB4F002FD1D8 /* FirebaseInAppMessagingSwift-Beta */; };
		1C46F86A27B6BB4F002FD1D8 /* FirebaseInstallations in Frameworks */ = {isa = PBXBuildFile; productRef = 1C46F86927B6BB4F002FD1D8 /* FirebaseInstallations */; };
		1C46F86C27B6BB4F002FD1D8 /* FirebaseMLModelDownloader in Frameworks */ = {isa = PBXBuildFile; productRef = 1C46F86B27B6BB4F002FD1D8 /* FirebaseMLModelDownloader */; };
		1C46F86E27B6BB4F002FD1D8 /* FirebaseMessaging in Frameworks */ = {isa = PBXBuildFile; productRef = 1C46F86D27B6BB4F002FD1D8 /* FirebaseMessaging */; };
		1C46F87027B6BB4F002FD1D8 /* FirebasePerformance in Frameworks */ = {isa = PBXBuildFile; productRef = 1C46F86F27B6BB4F002FD1D8 /* FirebasePerformance */; };
		1C46F87227B6BB4F002FD1D8 /* FirebaseRemoteConfig in Frameworks */ = {isa = PBXBuildFile; productRef = 1C46F87127B6BB4F002FD1D8 /* FirebaseRemoteConfig */; };
		1C46F87427B6BB4F002FD1D8 /* FirebaseRemoteConfigSwift-Beta in Frameworks */ = {isa = PBXBuildFile; productRef = 1C46F87327B6BB4F002FD1D8 /* FirebaseRemoteConfigSwift-Beta */; };
		1C46F87627B6BB4F002FD1D8 /* FirebaseStorage in Frameworks */ = {isa = PBXBuildFile; productRef = 1C46F87527B6BB4F002FD1D8 /* FirebaseStorage */; };
		1C46F87827B6BB4F002FD1D8 /* FirebaseStorageCombine-Community in Frameworks */ = {isa = PBXBuildFile; productRef = 1C46F87727B6BB4F002FD1D8 /* FirebaseStorageCombine-Community */; };
		1C46F87A27B6BB4F002FD1D8 /* FirebaseStorageSwift-Beta in Frameworks */ = {isa = PBXBuildFile; productRef = 1C46F87927B6BB4F002FD1D8 /* FirebaseStorageSwift-Beta */; };
/* End PBXBuildFile section */

/* Begin PBXFileReference section */
		1C46F82727B6AA66002FD1D8 /* FirebaseApp.app */ = {isa = PBXFileReference; explicitFileType = wrapper.application; includeInIndex = 0; path = FirebaseApp.app; sourceTree = BUILT_PRODUCTS_DIR; };
		1C46F82A27B6AA66002FD1D8 /* AppDelegate.swift */ = {isa = PBXFileReference; lastKnownFileType = sourcecode.swift; path = AppDelegate.swift; sourceTree = "<group>"; };
		1C46F82C27B6AA66002FD1D8 /* SceneDelegate.swift */ = {isa = PBXFileReference; lastKnownFileType = sourcecode.swift; path = SceneDelegate.swift; sourceTree = "<group>"; };
		1C46F82E27B6AA66002FD1D8 /* LogInViewController.swift */ = {isa = PBXFileReference; lastKnownFileType = sourcecode.swift; path = LogInViewController.swift; sourceTree = "<group>"; };
		1C46F83127B6AA66002FD1D8 /* Base */ = {isa = PBXFileReference; lastKnownFileType = file.storyboard; name = Base; path = Base.lproj/Main.storyboard; sourceTree = "<group>"; };
		1C46F83327B6AA68002FD1D8 /* Assets.xcassets */ = {isa = PBXFileReference; lastKnownFileType = folder.assetcatalog; path = Assets.xcassets; sourceTree = "<group>"; };
		1C46F83627B6AA68002FD1D8 /* Base */ = {isa = PBXFileReference; lastKnownFileType = file.storyboard; name = Base; path = Base.lproj/LaunchScreen.storyboard; sourceTree = "<group>"; };
		1C46F83827B6AA68002FD1D8 /* Info.plist */ = {isa = PBXFileReference; lastKnownFileType = text.plist.xml; path = Info.plist; sourceTree = "<group>"; };
		1C46F83E27B6B185002FD1D8 /* SignInViewController.swift */ = {isa = PBXFileReference; lastKnownFileType = sourcecode.swift; path = SignInViewController.swift; sourceTree = "<group>"; };
		1C46F84027B6B9F7002FD1D8 /* GoogleService-Info.plist */ = {isa = PBXFileReference; fileEncoding = 4; lastKnownFileType = text.plist.xml; path = "GoogleService-Info.plist"; sourceTree = "<group>"; };
/* End PBXFileReference section */

/* Begin PBXFrameworksBuildPhase section */
		1C46F82427B6AA66002FD1D8 /* Frameworks */ = {
			isa = PBXFrameworksBuildPhase;
			buildActionMask = 2147483647;
			files = (
				1C46F85C27B6BB4F002FD1D8 /* FirebaseFirestoreCombine-Community in Frameworks */,
				1C46F85627B6BB4F002FD1D8 /* FirebaseDatabaseSwift-Beta in Frameworks */,
				1C46F85827B6BB4F002FD1D8 /* FirebaseDynamicLinks in Frameworks */,
				1C46F84A27B6BB4F002FD1D8 /* FirebaseAppCheck in Frameworks */,
				1C46F84E27B6BB4F002FD1D8 /* FirebaseAuth in Frameworks */,
				1C46F87A27B6BB4F002FD1D8 /* FirebaseStorageSwift-Beta in Frameworks */,
				1C46F84627B6BB4F002FD1D8 /* FirebaseAnalyticsSwift-Beta in Frameworks */,
				1C46F87427B6BB4F002FD1D8 /* FirebaseRemoteConfigSwift-Beta in Frameworks */,
				1C46F86C27B6BB4F002FD1D8 /* FirebaseMLModelDownloader in Frameworks */,
				1C46F85A27B6BB4F002FD1D8 /* FirebaseFirestore in Frameworks */,
				1C46F86227B6BB4F002FD1D8 /* FirebaseFunctionsCombine-Community in Frameworks */,
				1C46F84C27B6BB4F002FD1D8 /* FirebaseAppDistribution-Beta in Frameworks */,
				1C46F84827B6BB4F002FD1D8 /* FirebaseAnalyticsWithoutAdIdSupport in Frameworks */,
				1C46F85E27B6BB4F002FD1D8 /* FirebaseFirestoreSwift-Beta in Frameworks */,
				1C46F86627B6BB4F002FD1D8 /* FirebaseInAppMessaging-Beta in Frameworks */,
				1C46F85227B6BB4F002FD1D8 /* FirebaseCrashlytics in Frameworks */,
				1C46F85427B6BB4F002FD1D8 /* FirebaseDatabase in Frameworks */,
				1C46F87827B6BB4F002FD1D8 /* FirebaseStorageCombine-Community in Frameworks */,
				1C46F87227B6BB4F002FD1D8 /* FirebaseRemoteConfig in Frameworks */,
				1C46F86427B6BB4F002FD1D8 /* FirebaseFunctionsSwift-Beta in Frameworks */,
				1C46F86027B6BB4F002FD1D8 /* FirebaseFunctions in Frameworks */,
				1C46F87027B6BB4F002FD1D8 /* FirebasePerformance in Frameworks */,
				1C46F86827B6BB4F002FD1D8 /* FirebaseInAppMessagingSwift-Beta in Frameworks */,
				1C46F87627B6BB4F002FD1D8 /* FirebaseStorage in Frameworks */,
				1C46F85027B6BB4F002FD1D8 /* FirebaseAuthCombine-Community in Frameworks */,
				1C46F84427B6BB4F002FD1D8 /* FirebaseAnalytics in Frameworks */,
				1C46F86E27B6BB4F002FD1D8 /* FirebaseMessaging in Frameworks */,
				1C46F86A27B6BB4F002FD1D8 /* FirebaseInstallations in Frameworks */,
			);
			runOnlyForDeploymentPostprocessing = 0;
		};
/* End PBXFrameworksBuildPhase section */

/* Begin PBXGroup section */
		1C46F81E27B6AA66002FD1D8 = {
			isa = PBXGroup;
			children = (
				1C46F82927B6AA66002FD1D8 /* FirebaseApp */,
				1C46F82827B6AA66002FD1D8 /* Products */,
			);
			sourceTree = "<group>";
		};
		1C46F82827B6AA66002FD1D8 /* Products */ = {
			isa = PBXGroup;
			children = (
				1C46F82727B6AA66002FD1D8 /* FirebaseApp.app */,
			);
			name = Products;
			sourceTree = "<group>";
		};
		1C46F82927B6AA66002FD1D8 /* FirebaseApp */ = {
			isa = PBXGroup;
			children = (
				1C46F82A27B6AA66002FD1D8 /* AppDelegate.swift */,
				1C46F82C27B6AA66002FD1D8 /* SceneDelegate.swift */,
				1C46F82E27B6AA66002FD1D8 /* LogInViewController.swift */,
				1C46F83E27B6B185002FD1D8 /* SignInViewController.swift */,
				1C46F83027B6AA66002FD1D8 /* Main.storyboard */,
				1C46F83327B6AA68002FD1D8 /* Assets.xcassets */,
				1C46F83527B6AA68002FD1D8 /* LaunchScreen.storyboard */,
				1C46F83827B6AA68002FD1D8 /* Info.plist */,
				1C46F84027B6B9F7002FD1D8 /* GoogleService-Info.plist */,
			);
			path = FirebaseApp;
			sourceTree = "<group>";
		};
/* End PBXGroup section */

/* Begin PBXNativeTarget section */
		1C46F82627B6AA66002FD1D8 /* FirebaseApp */ = {
			isa = PBXNativeTarget;
			buildConfigurationList = 1C46F83B27B6AA68002FD1D8 /* Build configuration list for PBXNativeTarget "FirebaseApp" */;
			buildPhases = (
				1C46F82327B6AA66002FD1D8 /* Sources */,
				1C46F82427B6AA66002FD1D8 /* Frameworks */,
				1C46F82527B6AA66002FD1D8 /* Resources */,
			);
			buildRules = (
			);
			dependencies = (
			);
			name = FirebaseApp;
			packageProductDependencies = (
				1C46F84327B6BB4F002FD1D8 /* FirebaseAnalytics */,
				1C46F84527B6BB4F002FD1D8 /* FirebaseAnalyticsSwift-Beta */,
				1C46F84727B6BB4F002FD1D8 /* FirebaseAnalyticsWithoutAdIdSupport */,
				1C46F84927B6BB4F002FD1D8 /* FirebaseAppCheck */,
				1C46F84B27B6BB4F002FD1D8 /* FirebaseAppDistribution-Beta */,
				1C46F84D27B6BB4F002FD1D8 /* FirebaseAuth */,
				1C46F84F27B6BB4F002FD1D8 /* FirebaseAuthCombine-Community */,
				1C46F85127B6BB4F002FD1D8 /* FirebaseCrashlytics */,
				1C46F85327B6BB4F002FD1D8 /* FirebaseDatabase */,
				1C46F85527B6BB4F002FD1D8 /* FirebaseDatabaseSwift-Beta */,
				1C46F85727B6BB4F002FD1D8 /* FirebaseDynamicLinks */,
				1C46F85927B6BB4F002FD1D8 /* FirebaseFirestore */,
				1C46F85B27B6BB4F002FD1D8 /* FirebaseFirestoreCombine-Community */,
				1C46F85D27B6BB4F002FD1D8 /* FirebaseFirestoreSwift-Beta */,
				1C46F85F27B6BB4F002FD1D8 /* FirebaseFunctions */,
				1C46F86127B6BB4F002FD1D8 /* FirebaseFunctionsCombine-Community */,
				1C46F86327B6BB4F002FD1D8 /* FirebaseFunctionsSwift-Beta */,
				1C46F86527B6BB4F002FD1D8 /* FirebaseInAppMessaging-Beta */,
				1C46F86727B6BB4F002FD1D8 /* FirebaseInAppMessagingSwift-Beta */,
				1C46F86927B6BB4F002FD1D8 /* FirebaseInstallations */,
				1C46F86B27B6BB4F002FD1D8 /* FirebaseMLModelDownloader */,
				1C46F86D27B6BB4F002FD1D8 /* FirebaseMessaging */,
				1C46F86F27B6BB4F002FD1D8 /* FirebasePerformance */,
				1C46F87127B6BB4F002FD1D8 /* FirebaseRemoteConfig */,
				1C46F87327B6BB4F002FD1D8 /* FirebaseRemoteConfigSwift-Beta */,
				1C46F87527B6BB4F002FD1D8 /* FirebaseStorage */,
				1C46F87727B6BB4F002FD1D8 /* FirebaseStorageCombine-Community */,
				1C46F87927B6BB4F002FD1D8 /* FirebaseStorageSwift-Beta */,
			);
			productName = FirebaseApp;
			productReference = 1C46F82727B6AA66002FD1D8 /* FirebaseApp.app */;
			productType = "com.apple.product-type.application";
		};
/* End PBXNativeTarget section */

/* Begin PBXProject section */
		1C46F81F27B6AA66002FD1D8 /* Project object */ = {
			isa = PBXProject;
			attributes = {
				BuildIndependentTargetsInParallel = 1;
				LastSwiftUpdateCheck = 1320;
				LastUpgradeCheck = 1320;
				TargetAttributes = {
					1C46F82627B6AA66002FD1D8 = {
						CreatedOnToolsVersion = 13.2.1;
					};
				};
			};
			buildConfigurationList = 1C46F82227B6AA66002FD1D8 /* Build configuration list for PBXProject "FirebaseApp" */;
			compatibilityVersion = "Xcode 13.0";
			developmentRegion = en;
			hasScannedForEncodings = 0;
			knownRegions = (
				en,
				Base,
			);
			mainGroup = 1C46F81E27B6AA66002FD1D8;
			packageReferences = (
				1C46F84227B6BB4F002FD1D8 /* XCRemoteSwiftPackageReference "firebase-ios-sdk" */,
			);
			productRefGroup = 1C46F82827B6AA66002FD1D8 /* Products */;
			projectDirPath = "";
			projectRoot = "";
			targets = (
				1C46F82627B6AA66002FD1D8 /* FirebaseApp */,
			);
		};
/* End PBXProject section */

/* Begin PBXResourcesBuildPhase section */
		1C46F82527B6AA66002FD1D8 /* Resources */ = {
			isa = PBXResourcesBuildPhase;
			buildActionMask = 2147483647;
			files = (
				1C46F83727B6AA68002FD1D8 /* LaunchScreen.storyboard in Resources */,
				1C46F84127B6B9F7002FD1D8 /* GoogleService-Info.plist in Resources */,
				1C46F83427B6AA68002FD1D8 /* Assets.xcassets in Resources */,
				1C46F83227B6AA66002FD1D8 /* Main.storyboard in Resources */,
			);
			runOnlyForDeploymentPostprocessing = 0;
		};
/* End PBXResourcesBuildPhase section */

/* Begin PBXSourcesBuildPhase section */
		1C46F82327B6AA66002FD1D8 /* Sources */ = {
			isa = PBXSourcesBuildPhase;
			buildActionMask = 2147483647;
			files = (
				1C46F83F27B6B185002FD1D8 /* SignInViewController.swift in Sources */,
				1C46F82F27B6AA66002FD1D8 /* LogInViewController.swift in Sources */,
				1C46F82B27B6AA66002FD1D8 /* AppDelegate.swift in Sources */,
				1C46F82D27B6AA66002FD1D8 /* SceneDelegate.swift in Sources */,
			);
			runOnlyForDeploymentPostprocessing = 0;
		};
/* End PBXSourcesBuildPhase section */

/* Begin PBXVariantGroup section */
		1C46F83027B6AA66002FD1D8 /* Main.storyboard */ = {
			isa = PBXVariantGroup;
			children = (
				1C46F83127B6AA66002FD1D8 /* Base */,
			);
			name = Main.storyboard;
			sourceTree = "<group>";
		};
		1C46F83527B6AA68002FD1D8 /* LaunchScreen.storyboard */ = {
			isa = PBXVariantGroup;
			children = (
				1C46F83627B6AA68002FD1D8 /* Base */,
			);
			name = LaunchScreen.storyboard;
			sourceTree = "<group>";
		};
/* End PBXVariantGroup section */

/* Begin XCBuildConfiguration section */
		1C46F83927B6AA68002FD1D8 /* Debug */ = {
			isa = XCBuildConfiguration;
			buildSettings = {
				ALWAYS_SEARCH_USER_PATHS = NO;
				CLANG_ANALYZER_NONNULL = YES;
				CLANG_ANALYZER_NUMBER_OBJECT_CONVERSION = YES_AGGRESSIVE;
				CLANG_CXX_LANGUAGE_STANDARD = "gnu++17";
				CLANG_CXX_LIBRARY = "libc++";
				CLANG_ENABLE_MODULES = YES;
				CLANG_ENABLE_OBJC_ARC = YES;
				CLANG_ENABLE_OBJC_WEAK = YES;
				CLANG_WARN_BLOCK_CAPTURE_AUTORELEASING = YES;
				CLANG_WARN_BOOL_CONVERSION = YES;
				CLANG_WARN_COMMA = YES;
				CLANG_WARN_CONSTANT_CONVERSION = YES;
				CLANG_WARN_DEPRECATED_OBJC_IMPLEMENTATIONS = YES;
				CLANG_WARN_DIRECT_OBJC_ISA_USAGE = YES_ERROR;
				CLANG_WARN_DOCUMENTATION_COMMENTS = YES;
				CLANG_WARN_EMPTY_BODY = YES;
				CLANG_WARN_ENUM_CONVERSION = YES;
				CLANG_WARN_INFINITE_RECURSION = YES;
				CLANG_WARN_INT_CONVERSION = YES;
				CLANG_WARN_NON_LITERAL_NULL_CONVERSION = YES;
				CLANG_WARN_OBJC_IMPLICIT_RETAIN_SELF = YES;
				CLANG_WARN_OBJC_LITERAL_CONVERSION = YES;
				CLANG_WARN_OBJC_ROOT_CLASS = YES_ERROR;
				CLANG_WARN_QUOTED_INCLUDE_IN_FRAMEWORK_HEADER = YES;
				CLANG_WARN_RANGE_LOOP_ANALYSIS = YES;
				CLANG_WARN_STRICT_PROTOTYPES = YES;
				CLANG_WARN_SUSPICIOUS_MOVE = YES;
				CLANG_WARN_UNGUARDED_AVAILABILITY = YES_AGGRESSIVE;
				CLANG_WARN_UNREACHABLE_CODE = YES;
				CLANG_WARN__DUPLICATE_METHOD_MATCH = YES;
				COPY_PHASE_STRIP = NO;
				DEBUG_INFORMATION_FORMAT = dwarf;
				ENABLE_STRICT_OBJC_MSGSEND = YES;
				ENABLE_TESTABILITY = YES;
				GCC_C_LANGUAGE_STANDARD = gnu11;
				GCC_DYNAMIC_NO_PIC = NO;
				GCC_NO_COMMON_BLOCKS = YES;
				GCC_OPTIMIZATION_LEVEL = 0;
				GCC_PREPROCESSOR_DEFINITIONS = (
					"DEBUG=1",
					"$(inherited)",
				);
				GCC_WARN_64_TO_32_BIT_CONVERSION = YES;
				GCC_WARN_ABOUT_RETURN_TYPE = YES_ERROR;
				GCC_WARN_UNDECLARED_SELECTOR = YES;
				GCC_WARN_UNINITIALIZED_AUTOS = YES_AGGRESSIVE;
				GCC_WARN_UNUSED_FUNCTION = YES;
				GCC_WARN_UNUSED_VARIABLE = YES;
				IPHONEOS_DEPLOYMENT_TARGET = 15.2;
				MTL_ENABLE_DEBUG_INFO = INCLUDE_SOURCE;
				MTL_FAST_MATH = YES;
				ONLY_ACTIVE_ARCH = YES;
				SDKROOT = iphoneos;
				SWIFT_ACTIVE_COMPILATION_CONDITIONS = DEBUG;
				SWIFT_OPTIMIZATION_LEVEL = "-Onone";
			};
			name = Debug;
		};
		1C46F83A27B6AA68002FD1D8 /* Release */ = {
			isa = XCBuildConfiguration;
			buildSettings = {
				ALWAYS_SEARCH_USER_PATHS = NO;
				CLANG_ANALYZER_NONNULL = YES;
				CLANG_ANALYZER_NUMBER_OBJECT_CONVERSION = YES_AGGRESSIVE;
				CLANG_CXX_LANGUAGE_STANDARD = "gnu++17";
				CLANG_CXX_LIBRARY = "libc++";
				CLANG_ENABLE_MODULES = YES;
				CLANG_ENABLE_OBJC_ARC = YES;
				CLANG_ENABLE_OBJC_WEAK = YES;
				CLANG_WARN_BLOCK_CAPTURE_AUTORELEASING = YES;
				CLANG_WARN_BOOL_CONVERSION = YES;
				CLANG_WARN_COMMA = YES;
				CLANG_WARN_CONSTANT_CONVERSION = YES;
				CLANG_WARN_DEPRECATED_OBJC_IMPLEMENTATIONS = YES;
				CLANG_WARN_DIRECT_OBJC_ISA_USAGE = YES_ERROR;
				CLANG_WARN_DOCUMENTATION_COMMENTS = YES;
				CLANG_WARN_EMPTY_BODY = YES;
				CLANG_WARN_ENUM_CONVERSION = YES;
				CLANG_WARN_INFINITE_RECURSION = YES;
				CLANG_WARN_INT_CONVERSION = YES;
				CLANG_WARN_NON_LITERAL_NULL_CONVERSION = YES;
				CLANG_WARN_OBJC_IMPLICIT_RETAIN_SELF = YES;
				CLANG_WARN_OBJC_LITERAL_CONVERSION = YES;
				CLANG_WARN_OBJC_ROOT_CLASS = YES_ERROR;
				CLANG_WARN_QUOTED_INCLUDE_IN_FRAMEWORK_HEADER = YES;
				CLANG_WARN_RANGE_LOOP_ANALYSIS = YES;
				CLANG_WARN_STRICT_PROTOTYPES = YES;
				CLANG_WARN_SUSPICIOUS_MOVE = YES;
				CLANG_WARN_UNGUARDED_AVAILABILITY = YES_AGGRESSIVE;
				CLANG_WARN_UNREACHABLE_CODE = YES;
				CLANG_WARN__DUPLICATE_METHOD_MATCH = YES;
				COPY_PHASE_STRIP = NO;
				DEBUG_INFORMATION_FORMAT = "dwarf-with-dsym";
				ENABLE_NS_ASSERTIONS = NO;
				ENABLE_STRICT_OBJC_MSGSEND = YES;
				GCC_C_LANGUAGE_STANDARD = gnu11;
				GCC_NO_COMMON_BLOCKS = YES;
				GCC_WARN_64_TO_32_BIT_CONVERSION = YES;
				GCC_WARN_ABOUT_RETURN_TYPE = YES_ERROR;
				GCC_WARN_UNDECLARED_SELECTOR = YES;
				GCC_WARN_UNINITIALIZED_AUTOS = YES_AGGRESSIVE;
				GCC_WARN_UNUSED_FUNCTION = YES;
				GCC_WARN_UNUSED_VARIABLE = YES;
				IPHONEOS_DEPLOYMENT_TARGET = 15.2;
				MTL_ENABLE_DEBUG_INFO = NO;
				MTL_FAST_MATH = YES;
				SDKROOT = iphoneos;
				SWIFT_COMPILATION_MODE = wholemodule;
				SWIFT_OPTIMIZATION_LEVEL = "-O";
				VALIDATE_PRODUCT = YES;
			};
			name = Release;
		};
		1C46F83C27B6AA68002FD1D8 /* Debug */ = {
			isa = XCBuildConfiguration;
			buildSettings = {
				ASSETCATALOG_COMPILER_APPICON_NAME = AppIcon;
				ASSETCATALOG_COMPILER_GLOBAL_ACCENT_COLOR_NAME = AccentColor;
				CODE_SIGN_STYLE = Automatic;
				CURRENT_PROJECT_VERSION = 1;
				DEVELOPMENT_TEAM = 5QXTTDX7K7;
				GENERATE_INFOPLIST_FILE = YES;
				INFOPLIST_FILE = FirebaseApp/Info.plist;
				INFOPLIST_KEY_UIApplicationSupportsIndirectInputEvents = YES;
				INFOPLIST_KEY_UILaunchStoryboardName = LaunchScreen;
				INFOPLIST_KEY_UIMainStoryboardFile = Main;
				INFOPLIST_KEY_UISupportedInterfaceOrientations_iPad = "UIInterfaceOrientationPortrait UIInterfaceOrientationPortraitUpsideDown UIInterfaceOrientationLandscapeLeft UIInterfaceOrientationLandscapeRight";
				INFOPLIST_KEY_UISupportedInterfaceOrientations_iPhone = "UIInterfaceOrientationPortrait UIInterfaceOrientationLandscapeLeft UIInterfaceOrientationLandscapeRight";
				LD_RUNPATH_SEARCH_PATHS = (
					"$(inherited)",
					"@executable_path/Frameworks",
				);
				MARKETING_VERSION = 1.0;
				PRODUCT_BUNDLE_IDENTIFIER = elka.FirebaseApp;
				PRODUCT_NAME = "$(TARGET_NAME)";
				SWIFT_EMIT_LOC_STRINGS = YES;
				SWIFT_VERSION = 5.0;
				TARGETED_DEVICE_FAMILY = "1,2";
			};
			name = Debug;
		};
		1C46F83D27B6AA68002FD1D8 /* Release */ = {
			isa = XCBuildConfiguration;
			buildSettings = {
				ASSETCATALOG_COMPILER_APPICON_NAME = AppIcon;
				ASSETCATALOG_COMPILER_GLOBAL_ACCENT_COLOR_NAME = AccentColor;
				CODE_SIGN_STYLE = Automatic;
				CURRENT_PROJECT_VERSION = 1;
				DEVELOPMENT_TEAM = 5QXTTDX7K7;
				GENERATE_INFOPLIST_FILE = YES;
				INFOPLIST_FILE = FirebaseApp/Info.plist;
				INFOPLIST_KEY_UIApplicationSupportsIndirectInputEvents = YES;
				INFOPLIST_KEY_UILaunchStoryboardName = LaunchScreen;
				INFOPLIST_KEY_UIMainStoryboardFile = Main;
				INFOPLIST_KEY_UISupportedInterfaceOrientations_iPad = "UIInterfaceOrientationPortrait UIInterfaceOrientationPortraitUpsideDown UIInterfaceOrientationLandscapeLeft UIInterfaceOrientationLandscapeRight";
				INFOPLIST_KEY_UISupportedInterfaceOrientations_iPhone = "UIInterfaceOrientationPortrait UIInterfaceOrientationLandscapeLeft UIInterfaceOrientationLandscapeRight";
				LD_RUNPATH_SEARCH_PATHS = (
					"$(inherited)",
					"@executable_path/Frameworks",
				);
				MARKETING_VERSION = 1.0;
				PRODUCT_BUNDLE_IDENTIFIER = elka.FirebaseApp;
				PRODUCT_NAME = "$(TARGET_NAME)";
				SWIFT_EMIT_LOC_STRINGS = YES;
				SWIFT_VERSION = 5.0;
				TARGETED_DEVICE_FAMILY = "1,2";
			};
			name = Release;
		};
/* End XCBuildConfiguration section */

/* Begin XCConfigurationList section */
		1C46F82227B6AA66002FD1D8 /* Build configuration list for PBXProject "FirebaseApp" */ = {
			isa = XCConfigurationList;
			buildConfigurations = (
				1C46F83927B6AA68002FD1D8 /* Debug */,
				1C46F83A27B6AA68002FD1D8 /* Release */,
			);
			defaultConfigurationIsVisible = 0;
			defaultConfigurationName = Release;
		};
		1C46F83B27B6AA68002FD1D8 /* Build configuration list for PBXNativeTarget "FirebaseApp" */ = {
			isa = XCConfigurationList;
			buildConfigurations = (
				1C46F83C27B6AA68002FD1D8 /* Debug */,
				1C46F83D27B6AA68002FD1D8 /* Release */,
			);
			defaultConfigurationIsVisible = 0;
			defaultConfigurationName = Release;
		};
/* End XCConfigurationList section */

/* Begin XCRemoteSwiftPackageReference section */
		1C46F84227B6BB4F002FD1D8 /* XCRemoteSwiftPackageReference "firebase-ios-sdk" */ = {
			isa = XCRemoteSwiftPackageReference;
			repositoryURL = "https://github.com/firebase/firebase-ios-sdk";
			requirement = {
				kind = upToNextMajorVersion;
				minimumVersion = 8.0.0;
			};
		};
/* End XCRemoteSwiftPackageReference section */

/* Begin XCSwiftPackageProductDependency section */
		1C46F84327B6BB4F002FD1D8 /* FirebaseAnalytics */ = {
			isa = XCSwiftPackageProductDependency;
			package = 1C46F84227B6BB4F002FD1D8 /* XCRemoteSwiftPackageReference "firebase-ios-sdk" */;
			productName = FirebaseAnalytics;
		};
		1C46F84527B6BB4F002FD1D8 /* FirebaseAnalyticsSwift-Beta */ = {
			isa = XCSwiftPackageProductDependency;
			package = 1C46F84227B6BB4F002FD1D8 /* XCRemoteSwiftPackageReference "firebase-ios-sdk" */;
			productName = "FirebaseAnalyticsSwift-Beta";
		};
		1C46F84727B6BB4F002FD1D8 /* FirebaseAnalyticsWithoutAdIdSupport */ = {
			isa = XCSwiftPackageProductDependency;
			package = 1C46F84227B6BB4F002FD1D8 /* XCRemoteSwiftPackageReference "firebase-ios-sdk" */;
			productName = FirebaseAnalyticsWithoutAdIdSupport;
		};
		1C46F84927B6BB4F002FD1D8 /* FirebaseAppCheck */ = {
			isa = XCSwiftPackageProductDependency;
			package = 1C46F84227B6BB4F002FD1D8 /* XCRemoteSwiftPackageReference "firebase-ios-sdk" */;
			productName = FirebaseAppCheck;
		};
		1C46F84B27B6BB4F002FD1D8 /* FirebaseAppDistribution-Beta */ = {
			isa = XCSwiftPackageProductDependency;
			package = 1C46F84227B6BB4F002FD1D8 /* XCRemoteSwiftPackageReference "firebase-ios-sdk" */;
			productName = "FirebaseAppDistribution-Beta";
		};
		1C46F84D27B6BB4F002FD1D8 /* FirebaseAuth */ = {
			isa = XCSwiftPackageProductDependency;
			package = 1C46F84227B6BB4F002FD1D8 /* XCRemoteSwiftPackageReference "firebase-ios-sdk" */;
			productName = FirebaseAuth;
		};
		1C46F84F27B6BB4F002FD1D8 /* FirebaseAuthCombine-Community */ = {
			isa = XCSwiftPackageProductDependency;
			package = 1C46F84227B6BB4F002FD1D8 /* XCRemoteSwiftPackageReference "firebase-ios-sdk" */;
			productName = "FirebaseAuthCombine-Community";
		};
		1C46F85127B6BB4F002FD1D8 /* FirebaseCrashlytics */ = {
			isa = XCSwiftPackageProductDependency;
			package = 1C46F84227B6BB4F002FD1D8 /* XCRemoteSwiftPackageReference "firebase-ios-sdk" */;
			productName = FirebaseCrashlytics;
		};
		1C46F85327B6BB4F002FD1D8 /* FirebaseDatabase */ = {
			isa = XCSwiftPackageProductDependency;
			package = 1C46F84227B6BB4F002FD1D8 /* XCRemoteSwiftPackageReference "firebase-ios-sdk" */;
			productName = FirebaseDatabase;
		};
		1C46F85527B6BB4F002FD1D8 /* FirebaseDatabaseSwift-Beta */ = {
			isa = XCSwiftPackageProductDependency;
			package = 1C46F84227B6BB4F002FD1D8 /* XCRemoteSwiftPackageReference "firebase-ios-sdk" */;
			productName = "FirebaseDatabaseSwift-Beta";
		};
		1C46F85727B6BB4F002FD1D8 /* FirebaseDynamicLinks */ = {
			isa = XCSwiftPackageProductDependency;
			package = 1C46F84227B6BB4F002FD1D8 /* XCRemoteSwiftPackageReference "firebase-ios-sdk" */;
			productName = FirebaseDynamicLinks;
		};
		1C46F85927B6BB4F002FD1D8 /* FirebaseFirestore */ = {
			isa = XCSwiftPackageProductDependency;
			package = 1C46F84227B6BB4F002FD1D8 /* XCRemoteSwiftPackageReference "firebase-ios-sdk" */;
			productName = FirebaseFirestore;
		};
		1C46F85B27B6BB4F002FD1D8 /* FirebaseFirestoreCombine-Community */ = {
			isa = XCSwiftPackageProductDependency;
			package = 1C46F84227B6BB4F002FD1D8 /* XCRemoteSwiftPackageReference "firebase-ios-sdk" */;
			productName = "FirebaseFirestoreCombine-Community";
		};
		1C46F85D27B6BB4F002FD1D8 /* FirebaseFirestoreSwift-Beta */ = {
			isa = XCSwiftPackageProductDependency;
			package = 1C46F84227B6BB4F002FD1D8 /* XCRemoteSwiftPackageReference "firebase-ios-sdk" */;
			productName = "FirebaseFirestoreSwift-Beta";
		};
		1C46F85F27B6BB4F002FD1D8 /* FirebaseFunctions */ = {
			isa = XCSwiftPackageProductDependency;
			package = 1C46F84227B6BB4F002FD1D8 /* XCRemoteSwiftPackageReference "firebase-ios-sdk" */;
			productName = FirebaseFunctions;
		};
		1C46F86127B6BB4F002FD1D8 /* FirebaseFunctionsCombine-Community */ = {
			isa = XCSwiftPackageProductDependency;
			package = 1C46F84227B6BB4F002FD1D8 /* XCRemoteSwiftPackageReference "firebase-ios-sdk" */;
			productName = "FirebaseFunctionsCombine-Community";
		};
		1C46F86327B6BB4F002FD1D8 /* FirebaseFunctionsSwift-Beta */ = {
			isa = XCSwiftPackageProductDependency;
			package = 1C46F84227B6BB4F002FD1D8 /* XCRemoteSwiftPackageReference "firebase-ios-sdk" */;
			productName = "FirebaseFunctionsSwift-Beta";
		};
		1C46F86527B6BB4F002FD1D8 /* FirebaseInAppMessaging-Beta */ = {
			isa = XCSwiftPackageProductDependency;
			package = 1C46F84227B6BB4F002FD1D8 /* XCRemoteSwiftPackageReference "firebase-ios-sdk" */;
			productName = "FirebaseInAppMessaging-Beta";
		};
		1C46F86727B6BB4F002FD1D8 /* FirebaseInAppMessagingSwift-Beta */ = {
			isa = XCSwiftPackageProductDependency;
			package = 1C46F84227B6BB4F002FD1D8 /* XCRemoteSwiftPackageReference "firebase-ios-sdk" */;
			productName = "FirebaseInAppMessagingSwift-Beta";
		};
		1C46F86927B6BB4F002FD1D8 /* FirebaseInstallations */ = {
			isa = XCSwiftPackageProductDependency;
			package = 1C46F84227B6BB4F002FD1D8 /* XCRemoteSwiftPackageReference "firebase-ios-sdk" */;
			productName = FirebaseInstallations;
		};
		1C46F86B27B6BB4F002FD1D8 /* FirebaseMLModelDownloader */ = {
			isa = XCSwiftPackageProductDependency;
			package = 1C46F84227B6BB4F002FD1D8 /* XCRemoteSwiftPackageReference "firebase-ios-sdk" */;
			productName = FirebaseMLModelDownloader;
		};
		1C46F86D27B6BB4F002FD1D8 /* FirebaseMessaging */ = {
			isa = XCSwiftPackageProductDependency;
			package = 1C46F84227B6BB4F002FD1D8 /* XCRemoteSwiftPackageReference "firebase-ios-sdk" */;
			productName = FirebaseMessaging;
		};
		1C46F86F27B6BB4F002FD1D8 /* FirebasePerformance */ = {
			isa = XCSwiftPackageProductDependency;
			package = 1C46F84227B6BB4F002FD1D8 /* XCRemoteSwiftPackageReference "firebase-ios-sdk" */;
			productName = FirebasePerformance;
		};
		1C46F87127B6BB4F002FD1D8 /* FirebaseRemoteConfig */ = {
			isa = XCSwiftPackageProductDependency;
			package = 1C46F84227B6BB4F002FD1D8 /* XCRemoteSwiftPackageReference "firebase-ios-sdk" */;
			productName = FirebaseRemoteConfig;
		};
		1C46F87327B6BB4F002FD1D8 /* FirebaseRemoteConfigSwift-Beta */ = {
			isa = XCSwiftPackageProductDependency;
			package = 1C46F84227B6BB4F002FD1D8 /* XCRemoteSwiftPackageReference "firebase-ios-sdk" */;
			productName = "FirebaseRemoteConfigSwift-Beta";
		};
		1C46F87527B6BB4F002FD1D8 /* FirebaseStorage */ = {
			isa = XCSwiftPackageProductDependency;
			package = 1C46F84227B6BB4F002FD1D8 /* XCRemoteSwiftPackageReference "firebase-ios-sdk" */;
			productName = FirebaseStorage;
		};
		1C46F87727B6BB4F002FD1D8 /* FirebaseStorageCombine-Community */ = {
			isa = XCSwiftPackageProductDependency;
			package = 1C46F84227B6BB4F002FD1D8 /* XCRemoteSwiftPackageReference "firebase-ios-sdk" */;
			productName = "FirebaseStorageCombine-Community";
		};
		1C46F87927B6BB4F002FD1D8 /* FirebaseStorageSwift-Beta */ = {
			isa = XCSwiftPackageProductDependency;
			package = 1C46F84227B6BB4F002FD1D8 /* XCRemoteSwiftPackageReference "firebase-ios-sdk" */;
			productName = "FirebaseStorageSwift-Beta";
		};
/* End XCSwiftPackageProductDependency section */
	};
	rootObject = 1C46F81F27B6AA66002FD1D8 /* Project object */;
}
